
Microsoft Visual Studio Solution File, Format Version 12.00
# Visual Studio Version 17
VisualStudioVersion = 17.14.36518.9 d17.14
MinimumVisualStudioVersion = 10.0.40219.1
Project("{FAE04EC0-301F-11D3-BF4B-00C04F79EFBC}") = "Fullstack-API", "Fullstack-API\Fullstack-API.csproj", "{6597688E-7009-444F-87D2-B4F6A16E4340}"
EndProject
Global
	GlobalSection(SolutionConfigurationPlatforms) = preSolution
		Debug|Any CPU = Debug|Any CPU
		Release|Any CPU = Release|Any CPU
	EndGlobalSection
	GlobalSection(ProjectConfigurationPlatforms) = postSolution
		{6597688E-7009-444F-87D2-B4F6A16E4340}.Debug|Any CPU.ActiveCfg = Debug|Any CPU
		{6597688E-7009-444F-87D2-B4F6A16E4340}.Debug|Any CPU.Build.0 = Debug|Any CPU
		{6597688E-7009-444F-87D2-B4F6A16E4340}.Release|Any CPU.ActiveCfg = Release|Any CPU
		{6597688E-7009-444F-87D2-B4F6A16E4340}.Release|Any CPU.Build.0 = Release|Any CPU
	EndGlobalSection
	GlobalSection(SolutionProperties) = preSolution
		HideSolutionNode = FALSE
	EndGlobalSection
	GlobalSection(ExtensibilityGlobals) = postSolution
		SolutionGuid = {13158A2F-BFBC-4304-AC54-464ED2B970D8}
	EndGlobalSection
EndGlobal
